# Generated by hack/update-plugins.sh -- do not edit by hand.
# scope name version filename sha256 url
core BentoBox 3.23.1 BentoBox-3.23.1.jar 30a06d6cef6d557a725027c8229ef81ed1a8a7716a0c388cb8feb4ed02f0d551 https://github.com/BentoBoxWorld/BentoBox/releases/download/3.23.1/BentoBox-3.23.1.jar
common Challenges 1.8.1 Challenges-1.8.1.jar d46170128cc9eab864bfe4bcfceed5618368c6f89701848cb369023a68bc237b https://github.com/BentoBoxWorld/Challenges/releases/download/1.8.1/Challenges-1.8.1.jar
common Border 4.8.5 Border-4.8.5.jar bcdda3f28e03baa8de177e67029587fee7cf7f5477735ddcfd98d00b003fc70b https://github.com/BentoBoxWorld/Border/releases/download/4.8.5/Border-4.8.5.jar
common Level 2.29.0 Level-2.29.0.jar 086d37eeceb5be5d1e86900ee9c2dde2d04360860cdc63feda10e50b36591c10 https://github.com/BentoBoxWorld/Level/releases/download/2.29.0/Level-2.29.0.jar
oneblock AOneBlock 1.28.0 AOneBlock-1.28.0.jar 5a631feddb8fd83b7ce6e407761f966299bca359164ec5af439c4ee855627aa7 https://github.com/BentoBoxWorld/AOneBlock/releases/download/1.28.0/AOneBlock-1.28.0.jar
skyblock BSkyBlock 1.20.0 BSkyBlock-1.20.0.jar 01b54da80210d0323491087794834638bca8dbcc8ea9432dbb9e28a218e524da https://github.com/BentoBoxWorld/BSkyBlock/releases/download/1.20.0/BSkyBlock-1.20.0.jar
